
Microsoft Visual Studio Solution File, Format Version 12.00
# Visual Studio 15
VisualStudioVersion = 15.0.27604.0
MinimumVisualStudioVersion = 10.0.40219.1
Project("{FAE04EC0-301F-11D3-BF4B-00C04F79EFBC}") = "WebAuction", "WebAuction\WebAuction.csproj", "{CE4D3798-A27E-4F3D-B732-8BA5C1C60B5D}"
EndProject
Project("{FAE04EC0-301F-11D3-BF4B-00C04F79EFBC}") = "WcfAuctionREST", "WcfAuctionREST\WcfAuctionREST.csproj", "{CD8F7683-9AE5-4468-B9DC-36777A98023F}"
EndProject
Global
	GlobalSection(SolutionConfigurationPlatforms) = preSolution
		Debug|Any CPU = Debug|Any CPU
		Release|Any CPU = Release|Any CPU
	EndGlobalSection
	GlobalSection(ProjectConfigurationPlatforms) = postSolution
		{CE4D3798-A27E-4F3D-B732-8BA5C1C60B5D}.Debug|Any CPU.ActiveCfg = Debug|Any CPU
		{CE4D3798-A27E-4F3D-B732-8BA5C1C60B5D}.Debug|Any CPU.Build.0 = Debug|Any CPU
		{CE4D3798-A27E-4F3D-B732-8BA5C1C60B5D}.Release|Any CPU.ActiveCfg = Release|Any CPU
		{CE4D3798-A27E-4F3D-B732-8BA5C1C60B5D}.Release|Any CPU.Build.0 = Release|Any CPU
		{CD8F7683-9AE5-4468-B9DC-36777A98023F}.Debug|Any CPU.ActiveCfg = Debug|Any CPU
		{CD8F7683-9AE5-4468-B9DC-36777A98023F}.Debug|Any CPU.Build.0 = Debug|Any CPU
		{CD8F7683-9AE5-4468-B9DC-36777A98023F}.Release|Any CPU.ActiveCfg = Release|Any CPU
		{CD8F7683-9AE5-4468-B9DC-36777A98023F}.Release|Any CPU.Build.0 = Release|Any CPU
	EndGlobalSection
	GlobalSection(SolutionProperties) = preSolution
		HideSolutionNode = FALSE
	EndGlobalSection
	GlobalSection(ExtensibilityGlobals) = postSolution
		SolutionGuid = {57019387-BFB7-425F-83A6-E86BEFE11CBC}
	EndGlobalSection
EndGlobal
